
Microsoft Visual Studio Solution File, Format Version 12.00
# Visual Studio 15
VisualStudioVersion = 15.0.28010.2046
MinimumVisualStudioVersion = 10.0.40219.1
Project("{FAE04EC0-301F-11D3-BF4B-00C04F79EFBC}") = "ACM.BL", "ACM.BL\ACM.BL.csproj", "{C8356D7F-5C86-47F2-B35E-E9AB94F38513}"
EndProject
Project("{2150E333-8FDC-42A3-9474-1A3956D46DE8}") = "Tests", "Tests", "{6132BBD2-C8DF-4BB1-A736-1785DD07F48E}"
EndProject
Project("{FAE04EC0-301F-11D3-BF4B-00C04F79EFBC}") = "ACM.BLTest", "Tests\ACM.BLTest\ACM.BLTest.csproj", "{612F4850-B60B-443F-973D-4004850DB944}"
EndProject
Global
	GlobalSection(SolutionConfigurationPlatforms) = preSolution
		Debug|Any CPU = Debug|Any CPU
		Release|Any CPU = Release|Any CPU
	EndGlobalSection
	GlobalSection(ProjectConfigurationPlatforms) = postSolution
		{C8356D7F-5C86-47F2-B35E-E9AB94F38513}.Debug|Any CPU.ActiveCfg = Debug|Any CPU
		{C8356D7F-5C86-47F2-B35E-E9AB94F38513}.Debug|Any CPU.Build.0 = Debug|Any CPU
		{C8356D7F-5C86-47F2-B35E-E9AB94F38513}.Release|Any CPU.ActiveCfg = Release|Any CPU
		{C8356D7F-5C86-47F2-B35E-E9AB94F38513}.Release|Any CPU.Build.0 = Release|Any CPU
		{612F4850-B60B-443F-973D-4004850DB944}.Debug|Any CPU.ActiveCfg = Debug|Any CPU
		{612F4850-B60B-443F-973D-4004850DB944}.Debug|Any CPU.Build.0 = Debug|Any CPU
		{612F4850-B60B-443F-973D-4004850DB944}.Release|Any CPU.ActiveCfg = Release|Any CPU
		{612F4850-B60B-443F-973D-4004850DB944}.Release|Any CPU.Build.0 = Release|Any CPU
	EndGlobalSection
	GlobalSection(SolutionProperties) = preSolution
		HideSolutionNode = FALSE
	EndGlobalSection
	GlobalSection(NestedProjects) = preSolution
		{612F4850-B60B-443F-973D-4004850DB944} = {6132BBD2-C8DF-4BB1-A736-1785DD07F48E}
	EndGlobalSection
	GlobalSection(ExtensibilityGlobals) = postSolution
		SolutionGuid = {5F536388-79C8-435B-8A31-F943DB65188A}
	EndGlobalSection
EndGlobal
